
Microsoft Visual Studio Solution File, Format Version 12.00
# Visual Studio Version 17
VisualStudioVersion = 17.6.33829.357
MinimumVisualStudioVersion = 10.0.40219.1
Project("{FAE04EC0-301F-11D3-BF4B-00C04F79EFBC}") = "CSharp_Bai16", "CSharp_Bai16.csproj", "{DF58F230-9C61-48FD-BAE1-5716C044DB47}"
EndProject
Global
	GlobalSection(SolutionConfigurationPlatforms) = preSolution
		Debug|Any CPU = Debug|Any CPU
		Release|Any CPU = Release|Any CPU
	EndGlobalSection
	GlobalSection(ProjectConfigurationPlatforms) = postSolution
		{DF58F230-9C61-48FD-BAE1-5716C044DB47}.Debug|Any CPU.ActiveCfg = Debug|Any CPU
		{DF58F230-9C61-48FD-BAE1-5716C044DB47}.Debug|Any CPU.Build.0 = Debug|Any CPU
		{DF58F230-9C61-48FD-BAE1-5716C044DB47}.Release|Any CPU.ActiveCfg = Release|Any CPU
		{DF58F230-9C61-48FD-BAE1-5716C044DB47}.Release|Any CPU.Build.0 = Release|Any CPU
	EndGlobalSection
	GlobalSection(SolutionProperties) = preSolution
		HideSolutionNode = FALSE
	EndGlobalSection
	GlobalSection(ExtensibilityGlobals) = postSolution
		SolutionGuid = {3732D8A9-4A32-486F-B10B-9E442C09600B}
	EndGlobalSection
EndGlobal
